
Microsoft Visual Studio Solution File, Format Version 11.00
# Visual Studio 2010
Project("{8BC9CEB8-8B4A-11D0-8D11-00A0C91BC942}") = "as4", "as4.vcxproj", "{A2D8948F-F8D2-4FF6-97BF-E1C993CE2409}"
EndProject
Global
	GlobalSection(SolutionConfigurationPlatforms) = preSolution
		Debug|Win32 = Debug|Win32
		Release|Win32 = Release|Win32
	EndGlobalSection
	GlobalSection(ProjectConfigurationPlatforms) = postSolution
		{A2D8948F-F8D2-4FF6-97BF-E1C993CE2409}.Debug|Win32.ActiveCfg = Debug|Win32
		{A2D8948F-F8D2-4FF6-97BF-E1C993CE2409}.Debug|Win32.Build.0 = Debug|Win32
		{A2D8948F-F8D2-4FF6-97BF-E1C993CE2409}.Release|Win32.ActiveCfg = Release|Win32
		{A2D8948F-F8D2-4FF6-97BF-E1C993CE2409}.Release|Win32.Build.0 = Release|Win32
	EndGlobalSection
	GlobalSection(SolutionProperties) = preSolution
		HideSolutionNode = FALSE
	EndGlobalSection
EndGlobal
